// !$*UTF8*$!
{
	archiveVersion = 1;
	classes = {
	};
	objectVersion = 46;
	objects = {

/* Begin PBXBuildFile section */
		71E54C5A199D3357009FF939 /* AppDelegate.swift in Sources */ = {isa = PBXBuildFile; fileRef = 71E54C59199D3357009FF939 /* AppDelegate.swift */; };
		71E54C5C199D3357009FF939 /* Images.xcassets in Resources */ = {isa = PBXBuildFile; fileRef = 71E54C5B199D3357009FF939 /* Images.xcassets */; };
		71E54C68199D3358009FF939 /* AGoodStart_SwiftTests.swift in Sources */ = {isa = PBXBuildFile; fileRef = 71E54C67199D3358009FF939 /* AGoodStart_SwiftTests.swift */; };
/* End PBXBuildFile section */

/* Begin PBXContainerItemProxy section */
		71E54C62199D3358009FF939 /* PBXContainerItemProxy */ = {
			isa = PBXContainerItemProxy;
			containerPortal = 71E54C4C199D3357009FF939 /* Project object */;
			proxyType = 1;
			remoteGlobalIDString = 71E54C53199D3357009FF939;
			remoteInfo = "AGoodStart-Swift";
		};
/* End PBXContainerItemProxy section */

/* Begin PBXFileReference section */
		71E54C54199D3357009FF939 /* AGoodStart-Swift.app */ = {isa = PBXFileReference; explicitFileType = wrapper.application; includeInIndex = 0; path = "AGoodStart-Swift.app"; sourceTree = BUILT_PRODUCTS_DIR; };
		71E54C58199D3357009FF939 /* Info.plist */ = {isa = PBXFileReference; lastKnownFileType = text.plist.xml; path = Info.plist; sourceTree = "<group>"; };
		71E54C59199D3357009FF939 /* AppDelegate.swift */ = {isa = PBXFileReference; lastKnownFileType = sourcecode.swift; path = AppDelegate.swift; sourceTree = "<group>"; };
		71E54C5B199D3357009FF939 /* Images.xcassets */ = {isa = PBXFileReference; lastKnownFileType = folder.assetcatalog; path = Images.xcassets; sourceTree = "<group>"; };
		71E54C61199D3358009FF939 /* AGoodStart-SwiftTests.xctest */ = {isa = PBXFileReference; explicitFileType = wrapper.cfbundle; includeInIndex = 0; path = "AGoodStart-SwiftTests.xctest"; sourceTree = BUILT_PRODUCTS_DIR; };
		71E54C66199D3358009FF939 /* Info.plist */ = {isa = PBXFileReference; lastKnownFileType = text.plist.xml; path = Info.plist; sourceTree = "<group>"; };
		71E54C67199D3358009FF939 /* AGoodStart_SwiftTests.swift */ = {isa = PBXFileReference; lastKnownFileType = sourcecode.swift; path = AGoodStart_SwiftTests.swift; sourceTree = "<group>"; };
/* End PBXFileReference section */

/* Begin PBXFrameworksBuildPhase section */
		71E54C51199D3357009FF939 /* Frameworks */ = {
			isa = PBXFrameworksBuildPhase;
			buildActionMask = 2147483647;
			files = (
			);
			runOnlyForDeploymentPostprocessing = 0;
		};
		71E54C5E199D3358009FF939 /* Frameworks */ = {
			isa = PBXFrameworksBuildPhase;
			buildActionMask = 2147483647;
			files = (
			);
			runOnlyForDeploymentPostprocessing = 0;
		};
/* End PBXFrameworksBuildPhase section */

/* Begin PBXGroup section */
		71E54C4B199D3357009FF939 = {
			isa = PBXGroup;
			children = (
				71E54C56199D3357009FF939 /* AGoodStart-Swift */,
				71E54C64199D3358009FF939 /* AGoodStart-SwiftTests */,
				71E54C55199D3357009FF939 /* Products */,
			);
			sourceTree = "<group>";
		};
		71E54C55199D3357009FF939 /* Products */ = {
			isa = PBXGroup;
			children = (
				71E54C54199D3357009FF939 /* AGoodStart-Swift.app */,
				71E54C61199D3358009FF939 /* AGoodStart-SwiftTests.xctest */,
			);
			name = Products;
			sourceTree = "<group>";
		};
		71E54C56199D3357009FF939 /* AGoodStart-Swift */ = {
			isa = PBXGroup;
			children = (
				71E54C59199D3357009FF939 /* AppDelegate.swift */,
				71E54C5B199D3357009FF939 /* Images.xcassets */,
				71E54C57199D3357009FF939 /* Supporting Files */,
			);
			path = "AGoodStart-Swift";
			sourceTree = "<group>";
		};
		71E54C57199D3357009FF939 /* Supporting Files */ = {
			isa = PBXGroup;
			children = (
				71E54C58199D3357009FF939 /* Info.plist */,
			);
			name = "Supporting Files";
			sourceTree = "<group>";
		};
		71E54C64199D3358009FF939 /* AGoodStart-SwiftTests */ = {
			isa = PBXGroup;
			children = (
				71E54C67199D3358009FF939 /* AGoodStart_SwiftTests.swift */,
				71E54C65199D3358009FF939 /* Supporting Files */,
			);
			path = "AGoodStart-SwiftTests";
			sourceTree = "<group>";
		};
		71E54C65199D3358009FF939 /* Supporting Files */ = {
			isa = PBXGroup;
			children = (
				71E54C66199D3358009FF939 /* Info.plist */,
			);
			name = "Supporting Files";
			sourceTree = "<group>";
		};
/* End PBXGroup section */

/* Begin PBXNativeTarget section */
		71E54C53199D3357009FF939 /* AGoodStart-Swift */ = {
			isa = PBXNativeTarget;
			buildConfigurationList = 71E54C6B199D3358009FF939 /* Build configuration list for PBXNativeTarget "AGoodStart-Swift" */;
			buildPhases = (
				71E54C50199D3357009FF939 /* Sources */,
				71E54C51199D3357009FF939 /* Frameworks */,
				71E54C52199D3357009FF939 /* Resources */,
			);
			buildRules = (
			);
			dependencies = (
			);
			name = "AGoodStart-Swift";
			productName = "AGoodStart-Swift";
			productReference = 71E54C54199D3357009FF939 /* AGoodStart-Swift.app */;
			productType = "com.apple.product-type.application";
		};
		71E54C60199D3358009FF939 /* AGoodStart-SwiftTests */ = {
			isa = PBXNativeTarget;
			buildConfigurationList = 71E54C6E199D3358009FF939 /* Build configuration list for PBXNativeTarget "AGoodStart-SwiftTests" */;
			buildPhases = (
				71E54C5D199D3358009FF939 /* Sources */,
				71E54C5E199D3358009FF939 /* Frameworks */,
				71E54C5F199D3358009FF939 /* Resources */,
			);
			buildRules = (
			);
			dependencies = (
				71E54C63199D3358009FF939 /* PBXTargetDependency */,
			);
			name = "AGoodStart-SwiftTests";
			productName = "AGoodStart-SwiftTests";
			productReference = 71E54C61199D3358009FF939 /* AGoodStart-SwiftTests.xctest */;
			productType = "com.apple.product-type.bundle.unit-test";
		};
/* End PBXNativeTarget section */

/* Begin PBXProject section */
		71E54C4C199D3357009FF939 /* Project object */ = {
			isa = PBXProject;
			attributes = {
				LastUpgradeCheck = 0600;
				ORGANIZATIONNAME = DevMountain;
				TargetAttributes = {
					71E54C53199D3357009FF939 = {
						CreatedOnToolsVersion = 6.0;
					};
					71E54C60199D3358009FF939 = {
						CreatedOnToolsVersion = 6.0;
						TestTargetID = 71E54C53199D3357009FF939;
					};
				};
			};
			buildConfigurationList = 71E54C4F199D3357009FF939 /* Build configuration list for PBXProject "AGoodStart-Swift" */;
			compatibilityVersion = "Xcode 3.2";
			developmentRegion = English;
			hasScannedForEncodings = 0;
			knownRegions = (
				en,
			);
			mainGroup = 71E54C4B199D3357009FF939;
			productRefGroup = 71E54C55199D3357009FF939 /* Products */;
			projectDirPath = "";
			projectRoot = "";
			targets = (
				71E54C53199D3357009FF939 /* AGoodStart-Swift */,
				71E54C60199D3358009FF939 /* AGoodStart-SwiftTests */,
			);
		};
/* End PBXProject section */

/* Begin PBXResourcesBuildPhase section */
		71E54C52199D3357009FF939 /* Resources */ = {
			isa = PBXResourcesBuildPhase;
			buildActionMask = 2147483647;
			files = (
				71E54C5C199D3357009FF939 /* Images.xcassets in Resources */,
			);
			runOnlyForDeploymentPostprocessing = 0;
		};
		71E54C5F199D3358009FF939 /* Resources */ = {
			isa = PBXResourcesBuildPhase;
			buildActionMask = 2147483647;
			files = (
			);
			runOnlyForDeploymentPostprocessing = 0;
		};
/* End PBXResourcesBuildPhase section */

/* Begin PBXSourcesBuildPhase section */
		71E54C50199D3357009FF939 /* Sources */ = {
			isa = PBXSourcesBuildPhase;
			buildActionMask = 2147483647;
			files = (
				71E54C5A199D3357009FF939 /* AppDelegate.swift in Sources */,
			);
			runOnlyForDeploymentPostprocessing = 0;
		};
		71E54C5D199D3358009FF939 /* Sources */ = {
			isa = PBXSourcesBuildPhase;
			buildActionMask = 2147483647;
			files = (
				71E54C68199D3358009FF939 /* AGoodStart_SwiftTests.swift in Sources */,
			);
			runOnlyForDeploymentPostprocessing = 0;
		};
/* End PBXSourcesBuildPhase section */

/* Begin PBXTargetDependency section */
		71E54C63199D3358009FF939 /* PBXTargetDependency */ = {
			isa = PBXTargetDependency;
			target = 71E54C53199D3357009FF939 /* AGoodStart-Swift */;
			targetProxy = 71E54C62199D3358009FF939 /* PBXContainerItemProxy */;
		};
/* End PBXTargetDependency section */

/* Begin XCBuildConfiguration section */
		71E54C69199D3358009FF939 /* Debug */ = {
			isa = XCBuildConfiguration;
			buildSettings = {
				ALWAYS_SEARCH_USER_PATHS = NO;
				CLANG_CXX_LANGUAGE_STANDARD = "gnu++0x";
				CLANG_CXX_LIBRARY = "libc++";
				CLANG_ENABLE_MODULES = YES;
				CLANG_ENABLE_OBJC_ARC = YES;
				CLANG_WARN_BOOL_CONVERSION = YES;
				CLANG_WARN_CONSTANT_CONVERSION = YES;
				CLANG_WARN_DIRECT_OBJC_ISA_USAGE = YES_ERROR;
				CLANG_WARN_EMPTY_BODY = YES;
				CLANG_WARN_ENUM_CONVERSION = YES;
				CLANG_WARN_INT_CONVERSION = YES;
				CLANG_WARN_OBJC_ROOT_CLASS = YES_ERROR;
				CLANG_WARN_UNREACHABLE_CODE = YES;
				CLANG_WARN__DUPLICATE_METHOD_MATCH = YES;
				"CODE_SIGN_IDENTITY[sdk=iphoneos*]" = "iPhone Developer";
				COPY_PHASE_STRIP = NO;
				ENABLE_STRICT_OBJC_MSGSEND = YES;
				GCC_C_LANGUAGE_STANDARD = gnu99;
				GCC_DYNAMIC_NO_PIC = NO;
				GCC_OPTIMIZATION_LEVEL = 0;
				GCC_PREPROCESSOR_DEFINITIONS = (
					"DEBUG=1",
					"$(inherited)",
				);
				GCC_SYMBOLS_PRIVATE_EXTERN = NO;
				GCC_WARN_64_TO_32_BIT_CONVERSION = YES;
				GCC_WARN_ABOUT_RETURN_TYPE = YES_ERROR;
				GCC_WARN_UNDECLARED_SELECTOR = YES;
				GCC_WARN_UNINITIALIZED_AUTOS = YES_AGGRESSIVE;
				GCC_WARN_UNUSED_FUNCTION = YES;
				GCC_WARN_UNUSED_VARIABLE = YES;
				IPHONEOS_DEPLOYMENT_TARGET = 8.0;
				MTL_ENABLE_DEBUG_INFO = YES;
				ONLY_ACTIVE_ARCH = YES;
				SDKROOT = iphoneos;
				SWIFT_OPTIMIZATION_LEVEL = "-Onone";
			};
			name = Debug;
		};
		71E54C6A199D3358009FF939 /* Release */ = {
			isa = XCBuildConfiguration;
			buildSettings = {
				ALWAYS_SEARCH_USER_PATHS = NO;
				CLANG_CXX_LANGUAGE_STANDARD = "gnu++0x";
				CLANG_CXX_LIBRARY = "libc++";
				CLANG_ENABLE_MODULES = YES;
				CLANG_ENABLE_OBJC_ARC = YES;
				CLANG_WARN_BOOL_CONVERSION = YES;
				CLANG_WARN_CONSTANT_CONVERSION = YES;
				CLANG_WARN_DIRECT_OBJC_ISA_USAGE = YES_ERROR;
				CLANG_WARN_EMPTY_BODY = YES;
				CLANG_WARN_ENUM_CONVERSION = YES;
				CLANG_WARN_INT_CONVERSION = YES;
				CLANG_WARN_OBJC_ROOT_CLASS = YES_ERROR;
				CLANG_WARN_UNREACHABLE_CODE = YES;
				CLANG_WARN__DUPLICATE_METHOD_MATCH = YES;
				"CODE_SIGN_IDENTITY[sdk=iphoneos*]" = "iPhone Developer";
				COPY_PHASE_STRIP = YES;
				ENABLE_NS_ASSERTIONS = NO;
				ENABLE_STRICT_OBJC_MSGSEND = YES;
				GCC_C_LANGUAGE_STANDARD = gnu99;
				GCC_WARN_64_TO_32_BIT_CONVERSION = YES;
				GCC_WARN_ABOUT_RETURN_TYPE = YES_ERROR;
				GCC_WARN_UNDECLARED_SELECTOR = YES;
				GCC_WARN_UNINITIALIZED_AUTOS = YES_AGGRESSIVE;
				GCC_WARN_UNUSED_FUNCTION = YES;
				GCC_WARN_UNUSED_VARIABLE = YES;
				IPHONEOS_DEPLOYMENT_TARGET = 8.0;
				MTL_ENABLE_DEBUG_INFO = NO;
				SDKROOT = iphoneos;
				VALIDATE_PRODUCT = YES;
			};
			name = Release;
		};
		71E54C6C199D3358009FF939 /* Debug */ = {
			isa = XCBuildConfiguration;
			buildSettings = {
				ASSETCATALOG_COMPILER_APPICON_NAME = AppIcon;
				ASSETCATALOG_COMPILER_LAUNCHIMAGE_NAME = LaunchImage;
				INFOPLIST_FILE = "AGoodStart-Swift/Info.plist";
				LD_RUNPATH_SEARCH_PATHS = "$(inherited) @executable_path/Frameworks";
				PRODUCT_NAME = "$(TARGET_NAME)";
			};
			name = Debug;
		};
		71E54C6D199D3358009FF939 /* Release */ = {
			isa = XCBuildConfiguration;
			buildSettings = {
				ASSETCATALOG_COMPILER_APPICON_NAME = AppIcon;
				ASSETCATALOG_COMPILER_LAUNCHIMAGE_NAME = LaunchImage;
				INFOPLIST_FILE = "AGoodStart-Swift/Info.plist";
				LD_RUNPATH_SEARCH_PATHS = "$(inherited) @executable_path/Frameworks";
				PRODUCT_NAME = "$(TARGET_NAME)";
			};
			name = Release;
		};
		71E54C6F199D3358009FF939 /* Debug */ = {
			isa = XCBuildConfiguration;
			buildSettings = {
				BUNDLE_LOADER = "$(TEST_HOST)";
				FRAMEWORK_SEARCH_PATHS = (
					"$(SDKROOT)/Developer/Library/Frameworks",
					"$(inherited)",
				);
				GCC_PREPROCESSOR_DEFINITIONS = (
					"DEBUG=1",
					"$(inherited)",
				);
				INFOPLIST_FILE = "AGoodStart-SwiftTests/Info.plist";
				LD_RUNPATH_SEARCH_PATHS = "$(inherited) @executable_path/Frameworks @loader_path/Frameworks";
				PRODUCT_NAME = "$(TARGET_NAME)";
				TEST_HOST = "$(BUILT_PRODUCTS_DIR)/AGoodStart-Swift.app/AGoodStart-Swift";
			};
			name = Debug;
		};
		71E54C70199D3358009FF939 /* Release */ = {
			isa = XCBuildConfiguration;
			buildSettings = {
				BUNDLE_LOADER = "$(TEST_HOST)";
				FRAMEWORK_SEARCH_PATHS = (
					"$(SDKROOT)/Developer/Library/Frameworks",
					"$(inherited)",
				);
				INFOPLIST_FILE = "AGoodStart-SwiftTests/Info.plist";
				LD_RUNPATH_SEARCH_PATHS = "$(inherited) @executable_path/Frameworks @loader_path/Frameworks";
				PRODUCT_NAME = "$(TARGET_NAME)";
				TEST_HOST = "$(BUILT_PRODUCTS_DIR)/AGoodStart-Swift.app/AGoodStart-Swift";
			};
			name = Release;
		};
/* End XCBuildConfiguration section */

/* Begin XCConfigurationList section */
		71E54C4F199D3357009FF939 /* Build configuration list for PBXProject "AGoodStart-Swift" */ = {
			isa = XCConfigurationList;
			buildConfigurations = (
				71E54C69199D3358009FF939 /* Debug */,
				71E54C6A199D3358009FF939 /* Release */,
			);
			defaultConfigurationIsVisible = 0;
			defaultConfigurationName = Release;
		};
		71E54C6B199D3358009FF939 /* Build configuration list for PBXNativeTarget "AGoodStart-Swift" */ = {
			isa = XCConfigurationList;
			buildConfigurations = (
				71E54C6C199D3358009FF939 /* Debug */,
				71E54C6D199D3358009FF939 /* Release */,
			);
			defaultConfigurationIsVisible = 0;
		};
		71E54C6E199D3358009FF939 /* Build configuration list for PBXNativeTarget "AGoodStart-SwiftTests" */ = {
			isa = XCConfigurationList;
			buildConfigurations = (
				71E54C6F199D3358009FF939 /* Debug */,
				71E54C70199D3358009FF939 /* Release */,
			);
			defaultConfigurationIsVisible = 0;
		};
/* End XCConfigurationList section */
	};
	rootObject = 71E54C4C199D3357009FF939 /* Project object */;
}
